
Microsoft Visual Studio Solution File, Format Version 12.00
# Visual Studio Version 16
VisualStudioVersion = 16.0.32228.343
MinimumVisualStudioVersion = 10.0.40219.1
Project("{FAE04EC0-301F-11D3-BF4B-00C04F79EFBC}") = "HotelManagementApp", "HotelManagementApp\HotelManagementApp.csproj", "{FDECD125-3A69-4739-A744-CFA3304B0564}"
EndProject
Global
	GlobalSection(SolutionConfigurationPlatforms) = preSolution
		Debug|Any CPU = Debug|Any CPU
		Release|Any CPU = Release|Any CPU
	EndGlobalSection
	GlobalSection(ProjectConfigurationPlatforms) = postSolution
		{FDECD125-3A69-4739-A744-CFA3304B0564}.Debug|Any CPU.ActiveCfg = Debug|Any CPU
		{FDECD125-3A69-4739-A744-CFA3304B0564}.Debug|Any CPU.Build.0 = Debug|Any CPU
		{FDECD125-3A69-4739-A744-CFA3304B0564}.Release|Any CPU.ActiveCfg = Release|Any CPU
		{FDECD125-3A69-4739-A744-CFA3304B0564}.Release|Any CPU.Build.0 = Release|Any CPU
	EndGlobalSection
	GlobalSection(SolutionProperties) = preSolution
		HideSolutionNode = FALSE
	EndGlobalSection
	GlobalSection(ExtensibilityGlobals) = postSolution
		SolutionGuid = {529193EA-F0A2-422A-B4EA-4B6803D45F75}
	EndGlobalSection
EndGlobal
